# This file was autogenerated by Stack.
# You should not edit this file by hand.
# For more information, please see the documentation at:
#   https://docs.haskellstack.org/en/stable/lock_files

packages:
- completed:
    hackage: optparse-declarative-0.3.0@sha256:12d6a258b528e66fadf9d040447523b2a4ed376bed5e557a94e8148e9fba8c2b,953
    pantry-tree:
      size: 505
      sha256: 5847edd0e48aa725f81928bb59efb9c0c65f598115a302fa57f93c16bf52130b
  original:
    hackage: optparse-declarative-0.3.0
snapshots:
- completed:
    size: 535928
    url: https://raw.githubusercontent.com/commercialhaskell/stackage-snapshots/master/lts/9/12.yaml
    sha256: 5529c3c1286caaa7c763be6fa662460d07d321e9e908f399876dfc3983a609e8
  original: lts-9.12
